// !$*UTF8*$!
{
	archiveVersion = 1;
	classes = {
	};
	objectVersion = 46;
	objects = {

/* Begin PBXBuildFile section */
		13AEB11E1E3A8BBF00B92C65 /* AppDelegate.swift in Sources */ = {isa = PBXBuildFile; fileRef = 13AEB11D1E3A8BBF00B92C65 /* AppDelegate.swift */; };
		13EB79571E2817D800FE673B /* Assets.xcassets in Resources */ = {isa = PBXBuildFile; fileRef = 13EB79561E2817D800FE673B /* Assets.xcassets */; };
		13EB795E1E2817D800FE673B /* MessagesExtension.appex in Embed App Extensions */ = {isa = PBXBuildFile; fileRef = 13EB795D1E2817D800FE673B /* MessagesExtension.appex */; settings = {ATTRIBUTES = (RemoveHeadersOnCopy, ); }; };
		13EB79631E2817D800FE673B /* Messages.framework in Frameworks */ = {isa = PBXBuildFile; fileRef = 13EB79621E2817D800FE673B /* Messages.framework */; };
		13EB79661E2817D800FE673B /* MessagesViewController.swift in Sources */ = {isa = PBXBuildFile; fileRef = 13EB79651E2817D800FE673B /* MessagesViewController.swift */; };
		13EB79691E2817D800FE673B /* MainInterface.storyboard in Resources */ = {isa = PBXBuildFile; fileRef = 13EB79671E2817D800FE673B /* MainInterface.storyboard */; };
		13EB796B1E2817D800FE673B /* Assets.xcassets in Resources */ = {isa = PBXBuildFile; fileRef = 13EB796A1E2817D800FE673B /* Assets.xcassets */; };
		201B61391E52337800690B15 /* Plane.swift in Sources */ = {isa = PBXBuildFile; fileRef = 201B61381E52337800690B15 /* Plane.swift */; };
		204F3C8C1E4E87EF004CF1B8 /* touchRecognizer.swift in Sources */ = {isa = PBXBuildFile; fileRef = 204F3C8B1E4E87EF004CF1B8 /* touchRecognizer.swift */; };
		20CDE0BD1E47CE3200E0A9E2 /* Shaders.metal in Sources */ = {isa = PBXBuildFile; fileRef = 20CDE0BC1E47CE3200E0A9E2 /* Shaders.metal */; };
		20FDC2451E4CF79500B03F34 /* Vertex.swift in Sources */ = {isa = PBXBuildFile; fileRef = 20FDC2441E4CF79500B03F34 /* Vertex.swift */; };
		20FDC2471E4CF7EC00B03F34 /* Node.swift in Sources */ = {isa = PBXBuildFile; fileRef = 20FDC2461E4CF7EC00B03F34 /* Node.swift */; };
		20FDC2491E4CFB1600B03F34 /* Cube.swift in Sources */ = {isa = PBXBuildFile; fileRef = 20FDC2481E4CFB1600B03F34 /* Cube.swift */; };
		20FDC24B1E4CFB8800B03F34 /* Triangle.swift in Sources */ = {isa = PBXBuildFile; fileRef = 20FDC24A1E4CFB8800B03F34 /* Triangle.swift */; };
/* End PBXBuildFile section */

/* Begin PBXContainerItemProxy section */
		13EB795F1E2817D800FE673B /* PBXContainerItemProxy */ = {
			isa = PBXContainerItemProxy;
			containerPortal = 13EB794D1E2817D800FE673B /* Project object */;
			proxyType = 1;
			remoteGlobalIDString = 13EB795C1E2817D800FE673B;
			remoteInfo = MessagesExtension;
		};
/* End PBXContainerItemProxy section */

/* Begin PBXCopyFilesBuildPhase section */
		13EB79721E2817D800FE673B /* Embed App Extensions */ = {
			isa = PBXCopyFilesBuildPhase;
			buildActionMask = 2147483647;
			dstPath = "";
			dstSubfolderSpec = 13;
			files = (
				13EB795E1E2817D800FE673B /* MessagesExtension.appex in Embed App Extensions */,
			);
			name = "Embed App Extensions";
			runOnlyForDeploymentPostprocessing = 0;
		};
/* End PBXCopyFilesBuildPhase section */

/* Begin PBXFileReference section */
		13AEB11D1E3A8BBF00B92C65 /* AppDelegate.swift */ = {isa = PBXFileReference; fileEncoding = 4; lastKnownFileType = sourcecode.swift; path = AppDelegate.swift; sourceTree = "<group>"; };
		13AEB11F1E3A8C2500B92C65 /* MessagesExtension.entitlements */ = {isa = PBXFileReference; lastKnownFileType = text.plist.entitlements; path = MessagesExtension.entitlements; sourceTree = "<group>"; };
		13EB79531E2817D800FE673B /* Wizard_Duels.app */ = {isa = PBXFileReference; explicitFileType = wrapper.application; includeInIndex = 0; path = Wizard_Duels.app; sourceTree = BUILT_PRODUCTS_DIR; };
		13EB79561E2817D800FE673B /* Assets.xcassets */ = {isa = PBXFileReference; lastKnownFileType = folder.assetcatalog; path = Assets.xcassets; sourceTree = "<group>"; };
		13EB79581E2817D800FE673B /* Info.plist */ = {isa = PBXFileReference; lastKnownFileType = text.plist.xml; path = Info.plist; sourceTree = "<group>"; };
		13EB795D1E2817D800FE673B /* MessagesExtension.appex */ = {isa = PBXFileReference; explicitFileType = "wrapper.app-extension"; includeInIndex = 0; path = MessagesExtension.appex; sourceTree = BUILT_PRODUCTS_DIR; };
		13EB79621E2817D800FE673B /* Messages.framework */ = {isa = PBXFileReference; lastKnownFileType = wrapper.framework; name = Messages.framework; path = System/Library/Frameworks/Messages.framework; sourceTree = SDKROOT; };
		13EB79651E2817D800FE673B /* MessagesViewController.swift */ = {isa = PBXFileReference; lastKnownFileType = sourcecode.swift; path = MessagesViewController.swift; sourceTree = "<group>"; };
		13EB79681E2817D800FE673B /* Base */ = {isa = PBXFileReference; lastKnownFileType = file.storyboard; name = Base; path = Base.lproj/MainInterface.storyboard; sourceTree = "<group>"; };
		13EB796A1E2817D800FE673B /* Assets.xcassets */ = {isa = PBXFileReference; lastKnownFileType = folder.assetcatalog; path = Assets.xcassets; sourceTree = "<group>"; };
		13EB796C1E2817D800FE673B /* Info.plist */ = {isa = PBXFileReference; lastKnownFileType = text.plist.xml; path = Info.plist; sourceTree = "<group>"; };
		201B61381E52337800690B15 /* Plane.swift */ = {isa = PBXFileReference; fileEncoding = 4; lastKnownFileType = sourcecode.swift; path = Plane.swift; sourceTree = "<group>"; };
		204F3C8B1E4E87EF004CF1B8 /* touchRecognizer.swift */ = {isa = PBXFileReference; fileEncoding = 4; lastKnownFileType = sourcecode.swift; path = touchRecognizer.swift; sourceTree = "<group>"; };
		20CDE0BC1E47CE3200E0A9E2 /* Shaders.metal */ = {isa = PBXFileReference; fileEncoding = 4; lastKnownFileType = sourcecode.metal; path = Shaders.metal; sourceTree = "<group>"; };
		20FDC2441E4CF79500B03F34 /* Vertex.swift */ = {isa = PBXFileReference; fileEncoding = 4; lastKnownFileType = sourcecode.swift; path = Vertex.swift; sourceTree = "<group>"; };
		20FDC2461E4CF7EC00B03F34 /* Node.swift */ = {isa = PBXFileReference; fileEncoding = 4; lastKnownFileType = sourcecode.swift; path = Node.swift; sourceTree = "<group>"; };
		20FDC2481E4CFB1600B03F34 /* Cube.swift */ = {isa = PBXFileReference; fileEncoding = 4; lastKnownFileType = sourcecode.swift; path = Cube.swift; sourceTree = "<group>"; };
		20FDC24A1E4CFB8800B03F34 /* Triangle.swift */ = {isa = PBXFileReference; fileEncoding = 4; lastKnownFileType = sourcecode.swift; path = Triangle.swift; sourceTree = "<group>"; };
/* End PBXFileReference section */

/* Begin PBXFrameworksBuildPhase section */
		13EB795A1E2817D800FE673B /* Frameworks */ = {
			isa = PBXFrameworksBuildPhase;
			buildActionMask = 2147483647;
			files = (
				13EB79631E2817D800FE673B /* Messages.framework in Frameworks */,
			);
			runOnlyForDeploymentPostprocessing = 0;
		};
/* End PBXFrameworksBuildPhase section */

/* Begin PBXGroup section */
		13EB794C1E2817D800FE673B = {
			isa = PBXGroup;
			children = (
				13EB79551E2817D800FE673B /* Wizard_Duels */,
				13EB79641E2817D800FE673B /* MessagesExtension */,
				13EB79611E2817D800FE673B /* Frameworks */,
				13EB79541E2817D800FE673B /* Products */,
			);
			sourceTree = "<group>";
		};
		13EB79541E2817D800FE673B /* Products */ = {
			isa = PBXGroup;
			children = (
				13EB79531E2817D800FE673B /* Wizard_Duels.app */,
				13EB795D1E2817D800FE673B /* MessagesExtension.appex */,
			);
			name = Products;
			sourceTree = "<group>";
		};
		13EB79551E2817D800FE673B /* Wizard_Duels */ = {
			isa = PBXGroup;
			children = (
				13EB79561E2817D800FE673B /* Assets.xcassets */,
				13EB79581E2817D800FE673B /* Info.plist */,
			);
			path = Wizard_Duels;
			sourceTree = "<group>";
		};
		13EB79611E2817D800FE673B /* Frameworks */ = {
			isa = PBXGroup;
			children = (
				13EB79621E2817D800FE673B /* Messages.framework */,
			);
			name = Frameworks;
			sourceTree = "<group>";
		};
		13EB79641E2817D800FE673B /* MessagesExtension */ = {
			isa = PBXGroup;
			children = (
				13AEB11F1E3A8C2500B92C65 /* MessagesExtension.entitlements */,
				13EB79651E2817D800FE673B /* MessagesViewController.swift */,
				20CDE0BC1E47CE3200E0A9E2 /* Shaders.metal */,
				13EB79671E2817D800FE673B /* MainInterface.storyboard */,
				13EB796A1E2817D800FE673B /* Assets.xcassets */,
				13EB796C1E2817D800FE673B /* Info.plist */,
				13AEB11D1E3A8BBF00B92C65 /* AppDelegate.swift */,
				20FDC2441E4CF79500B03F34 /* Vertex.swift */,
				20FDC2461E4CF7EC00B03F34 /* Node.swift */,
				20FDC2481E4CFB1600B03F34 /* Cube.swift */,
				20FDC24A1E4CFB8800B03F34 /* Triangle.swift */,
				204F3C8B1E4E87EF004CF1B8 /* touchRecognizer.swift */,
				201B61381E52337800690B15 /* Plane.swift */,
			);
			path = MessagesExtension;
			sourceTree = "<group>";
		};
/* End PBXGroup section */

/* Begin PBXNativeTarget section */
		13EB79521E2817D800FE673B /* Wizard_Duels */ = {
			isa = PBXNativeTarget;
			buildConfigurationList = 13EB79731E2817D800FE673B /* Build configuration list for PBXNativeTarget "Wizard_Duels" */;
			buildPhases = (
				13EB79511E2817D800FE673B /* Resources */,
				13EB79721E2817D800FE673B /* Embed App Extensions */,
			);
			buildRules = (
			);
			dependencies = (
				13EB79601E2817D800FE673B /* PBXTargetDependency */,
			);
			name = Wizard_Duels;
			productName = Wizard_Duels;
			productReference = 13EB79531E2817D800FE673B /* Wizard_Duels.app */;
			productType = "com.apple.product-type.application.messages";
		};
		13EB795C1E2817D800FE673B /* MessagesExtension */ = {
			isa = PBXNativeTarget;
			buildConfigurationList = 13EB796F1E2817D800FE673B /* Build configuration list for PBXNativeTarget "MessagesExtension" */;
			buildPhases = (
				13EB79591E2817D800FE673B /* Sources */,
				13EB795A1E2817D800FE673B /* Frameworks */,
				13EB795B1E2817D800FE673B /* Resources */,
			);
			buildRules = (
			);
			dependencies = (
			);
			name = MessagesExtension;
			productName = MessagesExtension;
			productReference = 13EB795D1E2817D800FE673B /* MessagesExtension.appex */;
			productType = "com.apple.product-type.app-extension.messages";
		};
/* End PBXNativeTarget section */

/* Begin PBXProject section */
		13EB794D1E2817D800FE673B /* Project object */ = {
			isa = PBXProject;
			attributes = {
				LastSwiftUpdateCheck = 0820;
				LastUpgradeCheck = 0820;
				ORGANIZATIONNAME = Jenna;
				TargetAttributes = {
					13EB79521E2817D800FE673B = {
						CreatedOnToolsVersion = 8.2.1;
						DevelopmentTeam = 82VDS5T3G4;
						ProvisioningStyle = Automatic;
					};
					13EB795C1E2817D800FE673B = {
						CreatedOnToolsVersion = 8.2.1;
						DevelopmentTeam = 82VDS5T3G4;
						LastSwiftMigration = 0820;
						ProvisioningStyle = Automatic;
						SystemCapabilities = {
							com.apple.ApplicationGroups.iOS = {
								enabled = 1;
							};
						};
					};
				};
			};
			buildConfigurationList = 13EB79501E2817D800FE673B /* Build configuration list for PBXProject "Wizard_Duels" */;
			compatibilityVersion = "Xcode 3.2";
			developmentRegion = English;
			hasScannedForEncodings = 0;
			knownRegions = (
				en,
				Base,
			);
			mainGroup = 13EB794C1E2817D800FE673B;
			productRefGroup = 13EB79541E2817D800FE673B /* Products */;
			projectDirPath = "";
			projectRoot = "";
			targets = (
				13EB79521E2817D800FE673B /* Wizard_Duels */,
				13EB795C1E2817D800FE673B /* MessagesExtension */,
			);
		};
/* End PBXProject section */

/* Begin PBXResourcesBuildPhase section */
		13EB79511E2817D800FE673B /* Resources */ = {
			isa = PBXResourcesBuildPhase;
			buildActionMask = 2147483647;
			files = (
				13EB79571E2817D800FE673B /* Assets.xcassets in Resources */,
			);
			runOnlyForDeploymentPostprocessing = 0;
		};
		13EB795B1E2817D800FE673B /* Resources */ = {
			isa = PBXResourcesBuildPhase;
			buildActionMask = 2147483647;
			files = (
				13EB796B1E2817D800FE673B /* Assets.xcassets in Resources */,
				13EB79691E2817D800FE673B /* MainInterface.storyboard in Resources */,
			);
			runOnlyForDeploymentPostprocessing = 0;
		};
/* End PBXResourcesBuildPhase section */

/* Begin PBXSourcesBuildPhase section */
		13EB79591E2817D800FE673B /* Sources */ = {
			isa = PBXSourcesBuildPhase;
			buildActionMask = 2147483647;
			files = (
				20CDE0BD1E47CE3200E0A9E2 /* Shaders.metal in Sources */,
				204F3C8C1E4E87EF004CF1B8 /* touchRecognizer.swift in Sources */,
				201B61391E52337800690B15 /* Plane.swift in Sources */,
				20FDC2471E4CF7EC00B03F34 /* Node.swift in Sources */,
				20FDC2491E4CFB1600B03F34 /* Cube.swift in Sources */,
				20FDC2451E4CF79500B03F34 /* Vertex.swift in Sources */,
				13AEB11E1E3A8BBF00B92C65 /* AppDelegate.swift in Sources */,
				20FDC24B1E4CFB8800B03F34 /* Triangle.swift in Sources */,
				13EB79661E2817D800FE673B /* MessagesViewController.swift in Sources */,
			);
			runOnlyForDeploymentPostprocessing = 0;
		};
/* End PBXSourcesBuildPhase section */

/* Begin PBXTargetDependency section */
		13EB79601E2817D800FE673B /* PBXTargetDependency */ = {
			isa = PBXTargetDependency;
			target = 13EB795C1E2817D800FE673B /* MessagesExtension */;
			targetProxy = 13EB795F1E2817D800FE673B /* PBXContainerItemProxy */;
		};
/* End PBXTargetDependency section */

/* Begin PBXVariantGroup section */
		13EB79671E2817D800FE673B /* MainInterface.storyboard */ = {
			isa = PBXVariantGroup;
			children = (
				13EB79681E2817D800FE673B /* Base */,
			);
			name = MainInterface.storyboard;
			sourceTree = "<group>";
		};
/* End PBXVariantGroup section */

/* Begin XCBuildConfiguration section */
		13EB796D1E2817D800FE673B /* Debug */ = {
			isa = XCBuildConfiguration;
			buildSettings = {
				ALWAYS_SEARCH_USER_PATHS = NO;
				CLANG_ANALYZER_NONNULL = YES;
				CLANG_CXX_LANGUAGE_STANDARD = "gnu++0x";
				CLANG_CXX_LIBRARY = "libc++";
				CLANG_ENABLE_MODULES = YES;
				CLANG_ENABLE_OBJC_ARC = YES;
				CLANG_WARN_BOOL_CONVERSION = YES;
				CLANG_WARN_CONSTANT_CONVERSION = YES;
				CLANG_WARN_DIRECT_OBJC_ISA_USAGE = YES_ERROR;
				CLANG_WARN_DOCUMENTATION_COMMENTS = YES;
				CLANG_WARN_EMPTY_BODY = YES;
				CLANG_WARN_ENUM_CONVERSION = YES;
				CLANG_WARN_INFINITE_RECURSION = YES;
				CLANG_WARN_INT_CONVERSION = YES;
				CLANG_WARN_OBJC_ROOT_CLASS = YES_ERROR;
				CLANG_WARN_SUSPICIOUS_MOVE = YES;
				CLANG_WARN_UNREACHABLE_CODE = YES;
				CLANG_WARN__DUPLICATE_METHOD_MATCH = YES;
				"CODE_SIGN_IDENTITY[sdk=iphoneos*]" = "iPhone Developer";
				COPY_PHASE_STRIP = NO;
				DEBUG_INFORMATION_FORMAT = dwarf;
				ENABLE_STRICT_OBJC_MSGSEND = YES;
				ENABLE_TESTABILITY = YES;
				GCC_C_LANGUAGE_STANDARD = gnu99;
				GCC_DYNAMIC_NO_PIC = NO;
				GCC_NO_COMMON_BLOCKS = YES;
				GCC_OPTIMIZATION_LEVEL = 0;
				GCC_PREPROCESSOR_DEFINITIONS = (
					"DEBUG=1",
					"$(inherited)",
				);
				GCC_WARN_64_TO_32_BIT_CONVERSION = YES;
				GCC_WARN_ABOUT_RETURN_TYPE = YES_ERROR;
				GCC_WARN_UNDECLARED_SELECTOR = YES;
				GCC_WARN_UNINITIALIZED_AUTOS = YES_AGGRESSIVE;
				GCC_WARN_UNUSED_FUNCTION = YES;
				GCC_WARN_UNUSED_VARIABLE = YES;
				IPHONEOS_DEPLOYMENT_TARGET = 10.2;
				MTL_ENABLE_DEBUG_INFO = YES;
				ONLY_ACTIVE_ARCH = YES;
				SDKROOT = iphoneos;
				SWIFT_ACTIVE_COMPILATION_CONDITIONS = DEBUG;
				SWIFT_OPTIMIZATION_LEVEL = "-Onone";
				TARGETED_DEVICE_FAMILY = "1,2";
			};
			name = Debug;
		};
		13EB796E1E2817D800FE673B /* Release */ = {
			isa = XCBuildConfiguration;
			buildSettings = {
				ALWAYS_SEARCH_USER_PATHS = NO;
				CLANG_ANALYZER_NONNULL = YES;
				CLANG_CXX_LANGUAGE_STANDARD = "gnu++0x";
				CLANG_CXX_LIBRARY = "libc++";
				CLANG_ENABLE_MODULES = YES;
				CLANG_ENABLE_OBJC_ARC = YES;
				CLANG_WARN_BOOL_CONVERSION = YES;
				CLANG_WARN_CONSTANT_CONVERSION = YES;
				CLANG_WARN_DIRECT_OBJC_ISA_USAGE = YES_ERROR;
				CLANG_WARN_DOCUMENTATION_COMMENTS = YES;
				CLANG_WARN_EMPTY_BODY = YES;
				CLANG_WARN_ENUM_CONVERSION = YES;
				CLANG_WARN_INFINITE_RECURSION = YES;
				CLANG_WARN_INT_CONVERSION = YES;
				CLANG_WARN_OBJC_ROOT_CLASS = YES_ERROR;
				CLANG_WARN_SUSPICIOUS_MOVE = YES;
				CLANG_WARN_UNREACHABLE_CODE = YES;
				CLANG_WARN__DUPLICATE_METHOD_MATCH = YES;
				"CODE_SIGN_IDENTITY[sdk=iphoneos*]" = "iPhone Developer";
				COPY_PHASE_STRIP = NO;
				DEBUG_INFORMATION_FORMAT = "dwarf-with-dsym";
				ENABLE_NS_ASSERTIONS = NO;
				ENABLE_STRICT_OBJC_MSGSEND = YES;
				GCC_C_LANGUAGE_STANDARD = gnu99;
				GCC_NO_COMMON_BLOCKS = YES;
				GCC_WARN_64_TO_32_BIT_CONVERSION = YES;
				GCC_WARN_ABOUT_RETURN_TYPE = YES_ERROR;
				GCC_WARN_UNDECLARED_SELECTOR = YES;
				GCC_WARN_UNINITIALIZED_AUTOS = YES_AGGRESSIVE;
				GCC_WARN_UNUSED_FUNCTION = YES;
				GCC_WARN_UNUSED_VARIABLE = YES;
				IPHONEOS_DEPLOYMENT_TARGET = 10.2;
				MTL_ENABLE_DEBUG_INFO = NO;
				SDKROOT = iphoneos;
				SWIFT_OPTIMIZATION_LEVEL = "-Owholemodule";
				TARGETED_DEVICE_FAMILY = "1,2";
				VALIDATE_PRODUCT = YES;
			};
			name = Release;
		};
		13EB79701E2817D800FE673B /* Debug */ = {
			isa = XCBuildConfiguration;
			buildSettings = {
				ASSETCATALOG_COMPILER_APPICON_NAME = "iMessage App Icon";
				CLANG_ENABLE_MODULES = YES;
				CODE_SIGN_ENTITLEMENTS = MessagesExtension/MessagesExtension.entitlements;
				DEVELOPMENT_TEAM = 82VDS5T3G4;
				INFOPLIST_FILE = MessagesExtension/Info.plist;
				LD_RUNPATH_SEARCH_PATHS = "$(inherited) @executable_path/Frameworks @executable_path/../../Frameworks";
				PRODUCT_BUNDLE_IDENTIFIER = "Wizard-Duels.MessagesExtension";
				PRODUCT_NAME = "$(TARGET_NAME)";
				SKIP_INSTALL = YES;
				SWIFT_OBJC_BRIDGING_HEADER = "MessagesExtension/MessagesExtension-Bridging-Header.h";
				SWIFT_OPTIMIZATION_LEVEL = "-Onone";
				SWIFT_VERSION = 3.0;
			};
			name = Debug;
		};
		13EB79711E2817D800FE673B /* Release */ = {
			isa = XCBuildConfiguration;
			buildSettings = {
				ASSETCATALOG_COMPILER_APPICON_NAME = "iMessage App Icon";
				CLANG_ENABLE_MODULES = YES;
				CODE_SIGN_ENTITLEMENTS = MessagesExtension/MessagesExtension.entitlements;
				DEVELOPMENT_TEAM = 82VDS5T3G4;
				INFOPLIST_FILE = MessagesExtension/Info.plist;
				LD_RUNPATH_SEARCH_PATHS = "$(inherited) @executable_path/Frameworks @executable_path/../../Frameworks";
				PRODUCT_BUNDLE_IDENTIFIER = "Wizard-Duels.MessagesExtension";
				PRODUCT_NAME = "$(TARGET_NAME)";
				SKIP_INSTALL = YES;
				SWIFT_OBJC_BRIDGING_HEADER = "MessagesExtension/MessagesExtension-Bridging-Header.h";
				SWIFT_VERSION = 3.0;
			};
			name = Release;
		};
		13EB79741E2817D800FE673B /* Debug */ = {
			isa = XCBuildConfiguration;
			buildSettings = {
				ALWAYS_EMBED_SWIFT_STANDARD_LIBRARIES = YES;
				ASSETCATALOG_COMPILER_APPICON_NAME = AppIcon;
				DEVELOPMENT_TEAM = 82VDS5T3G4;
				INFOPLIST_FILE = Wizard_Duels/Info.plist;
				PRODUCT_BUNDLE_IDENTIFIER = "Wizard-Duels";
				PRODUCT_NAME = "$(TARGET_NAME)";
				SWIFT_VERSION = 3.0;
			};
			name = Debug;
		};
		13EB79751E2817D800FE673B /* Release */ = {
			isa = XCBuildConfiguration;
			buildSettings = {
				ALWAYS_EMBED_SWIFT_STANDARD_LIBRARIES = YES;
				ASSETCATALOG_COMPILER_APPICON_NAME = AppIcon;
				DEVELOPMENT_TEAM = 82VDS5T3G4;
				INFOPLIST_FILE = Wizard_Duels/Info.plist;
				PRODUCT_BUNDLE_IDENTIFIER = "Wizard-Duels";
				PRODUCT_NAME = "$(TARGET_NAME)";
				SWIFT_VERSION = 3.0;
			};
			name = Release;
		};
/* End XCBuildConfiguration section */

/* Begin XCConfigurationList section */
		13EB79501E2817D800FE673B /* Build configuration list for PBXProject "Wizard_Duels" */ = {
			isa = XCConfigurationList;
			buildConfigurations = (
				13EB796D1E2817D800FE673B /* Debug */,
				13EB796E1E2817D800FE673B /* Release */,
			);
			defaultConfigurationIsVisible = 0;
			defaultConfigurationName = Release;
		};
		13EB796F1E2817D800FE673B /* Build configuration list for PBXNativeTarget "MessagesExtension" */ = {
			isa = XCConfigurationList;
			buildConfigurations = (
				13EB79701E2817D800FE673B /* Debug */,
				13EB79711E2817D800FE673B /* Release */,
			);
			defaultConfigurationIsVisible = 0;
			defaultConfigurationName = Release;
		};
		13EB79731E2817D800FE673B /* Build configuration list for PBXNativeTarget "Wizard_Duels" */ = {
			isa = XCConfigurationList;
			buildConfigurations = (
				13EB79741E2817D800FE673B /* Debug */,
				13EB79751E2817D800FE673B /* Release */,
			);
			defaultConfigurationIsVisible = 0;
			defaultConfigurationName = Release;
		};
/* End XCConfigurationList section */
	};
	rootObject = 13EB794D1E2817D800FE673B /* Project object */;
}
